
Microsoft Visual Studio Solution File, Format Version 12.00
# Visual Studio Version 17
VisualStudioVersion = 17.11.35312.102
MinimumVisualStudioVersion = 10.0.40219.1
Project("{FAE04EC0-301F-11D3-BF4B-00C04F79EFBC}") = "servicio", "servicio.csproj", "{3F72110F-1429-42B6-8C8D-6FA3C190607F}"
EndProject
Project("{FAE04EC0-301F-11D3-BF4B-00C04F79EFBC}") = "WEB", "..\new\WEB\WEB.csproj", "{E4D7654A-3BD9-4C6E-8BBD-A7034991AFDB}"
EndProject
Global
	GlobalSection(SolutionConfigurationPlatforms) = preSolution
		Debug|Any CPU = Debug|Any CPU
		Release|Any CPU = Release|Any CPU
	EndGlobalSection
	GlobalSection(ProjectConfigurationPlatforms) = postSolution
		{3F72110F-1429-42B6-8C8D-6FA3C190607F}.Debug|Any CPU.ActiveCfg = Debug|Any CPU
		{3F72110F-1429-42B6-8C8D-6FA3C190607F}.Debug|Any CPU.Build.0 = Debug|Any CPU
		{3F72110F-1429-42B6-8C8D-6FA3C190607F}.Release|Any CPU.ActiveCfg = Release|Any CPU
		{3F72110F-1429-42B6-8C8D-6FA3C190607F}.Release|Any CPU.Build.0 = Release|Any CPU
		{E4D7654A-3BD9-4C6E-8BBD-A7034991AFDB}.Debug|Any CPU.ActiveCfg = Debug|Any CPU
		{E4D7654A-3BD9-4C6E-8BBD-A7034991AFDB}.Debug|Any CPU.Build.0 = Debug|Any CPU
		{E4D7654A-3BD9-4C6E-8BBD-A7034991AFDB}.Release|Any CPU.ActiveCfg = Release|Any CPU
		{E4D7654A-3BD9-4C6E-8BBD-A7034991AFDB}.Release|Any CPU.Build.0 = Release|Any CPU
	EndGlobalSection
	GlobalSection(SolutionProperties) = preSolution
		HideSolutionNode = FALSE
	EndGlobalSection
	GlobalSection(ExtensibilityGlobals) = postSolution
		SolutionGuid = {FCE70736-228B-4795-9E64-0EC1EEE2551C}
	EndGlobalSection
EndGlobal
